
Microsoft Visual Studio Solution File, Format Version 12.00
# Visual Studio 2012
Project("{FAE04EC0-301F-11D3-BF4B-00C04F79EFBC}") = "Bytepushers.NeuralNet.UI", "Bytepushers.NeuralNet.UI\Bytepushers.NeuralNet.UI.csproj", "{3FD56D3C-95D9-4E86-992E-499904DEC4D9}"
EndProject
Project("{FAE04EC0-301F-11D3-BF4B-00C04F79EFBC}") = "Bytepushers.NeuralNet", "Bytepushers.NeuralNet\Bytepushers.NeuralNet.csproj", "{41AFD639-F927-46A0-A913-B2B1DB862F6B}"
EndProject
Global
	GlobalSection(TeamFoundationVersionControl) = preSolution
		SccNumberOfProjects = 3
		SccEnterpriseProvider = {4CA58AB2-18FA-4F8D-95D4-32DDF27D184C}
		SccTeamFoundationServer = https://refactorthis.visualstudio.com/defaultcollection
		SccLocalPath0 = .
		SccProjectUniqueName1 = Bytepushers.NeuralNet.UI\\Bytepushers.NeuralNet.UI.csproj
		SccProjectName1 = Bytepushers.NeuralNet.UI
		SccLocalPath1 = Bytepushers.NeuralNet.UI
		SccProjectUniqueName2 = Bytepushers.NeuralNet\\Bytepushers.NeuralNet.csproj
		SccProjectName2 = Bytepushers.NeuralNet
		SccLocalPath2 = Bytepushers.NeuralNet
	EndGlobalSection
	GlobalSection(SolutionConfigurationPlatforms) = preSolution
		Debug|Any CPU = Debug|Any CPU
		Release|Any CPU = Release|Any CPU
	EndGlobalSection
	GlobalSection(ProjectConfigurationPlatforms) = postSolution
		{3FD56D3C-95D9-4E86-992E-499904DEC4D9}.Debug|Any CPU.ActiveCfg = Debug|Any CPU
		{3FD56D3C-95D9-4E86-992E-499904DEC4D9}.Debug|Any CPU.Build.0 = Debug|Any CPU
		{3FD56D3C-95D9-4E86-992E-499904DEC4D9}.Release|Any CPU.ActiveCfg = Release|Any CPU
		{3FD56D3C-95D9-4E86-992E-499904DEC4D9}.Release|Any CPU.Build.0 = Release|Any CPU
		{41AFD639-F927-46A0-A913-B2B1DB862F6B}.Debug|Any CPU.ActiveCfg = Debug|Any CPU
		{41AFD639-F927-46A0-A913-B2B1DB862F6B}.Debug|Any CPU.Build.0 = Debug|Any CPU
		{41AFD639-F927-46A0-A913-B2B1DB862F6B}.Release|Any CPU.ActiveCfg = Release|Any CPU
		{41AFD639-F927-46A0-A913-B2B1DB862F6B}.Release|Any CPU.Build.0 = Release|Any CPU
	EndGlobalSection
	GlobalSection(SolutionProperties) = preSolution
		HideSolutionNode = FALSE
	EndGlobalSection
EndGlobal
